
Microsoft Visual Studio Solution File, Format Version 12.00
# Visual Studio Version 17
VisualStudioVersion = 17.6.33829.357
MinimumVisualStudioVersion = 10.0.40219.1
Project("{FAE04EC0-301F-11D3-BF4B-00C04F79EFBC}") = "Psychic", "Psychic\Psychic.csproj", "{8C15C2C7-0AD5-4C79-BF8C-A92E96BCD32E}"
EndProject
Global
	GlobalSection(SolutionConfigurationPlatforms) = preSolution
		Debug|Any CPU = Debug|Any CPU
		Release|Any CPU = Release|Any CPU
	EndGlobalSection
	GlobalSection(ProjectConfigurationPlatforms) = postSolution
		{8C15C2C7-0AD5-4C79-BF8C-A92E96BCD32E}.Debug|Any CPU.ActiveCfg = Debug|Any CPU
		{8C15C2C7-0AD5-4C79-BF8C-A92E96BCD32E}.Debug|Any CPU.Build.0 = Debug|Any CPU
		{8C15C2C7-0AD5-4C79-BF8C-A92E96BCD32E}.Release|Any CPU.ActiveCfg = Release|Any CPU
		{8C15C2C7-0AD5-4C79-BF8C-A92E96BCD32E}.Release|Any CPU.Build.0 = Release|Any CPU
	EndGlobalSection
	GlobalSection(SolutionProperties) = preSolution
		HideSolutionNode = FALSE
	EndGlobalSection
	GlobalSection(ExtensibilityGlobals) = postSolution
		SolutionGuid = {FA3619E7-DF08-4AE5-901E-BC3EF89D1385}
	EndGlobalSection
EndGlobal
